
Microsoft Visual Studio Solution File, Format Version 12.00
# Visual Studio Version 16
VisualStudioVersion = 16.0.29613.14
MinimumVisualStudioVersion = 10.0.40219.1
Project("{9A19103F-16F7-4668-BE54-9A1E7A4F7556}") = "SimulatedNode", "SimulatedNode.csproj", "{89C10D54-C93A-407C-93A9-A7D5E5356DDD}"
EndProject
Global
	GlobalSection(SolutionConfigurationPlatforms) = preSolution
		Debug|Any CPU = Debug|Any CPU
		Release|Any CPU = Release|Any CPU
	EndGlobalSection
	GlobalSection(ProjectConfigurationPlatforms) = postSolution
		{89C10D54-C93A-407C-93A9-A7D5E5356DDD}.Debug|Any CPU.ActiveCfg = Debug|Any CPU
		{89C10D54-C93A-407C-93A9-A7D5E5356DDD}.Debug|Any CPU.Build.0 = Debug|Any CPU
		{89C10D54-C93A-407C-93A9-A7D5E5356DDD}.Release|Any CPU.ActiveCfg = Release|Any CPU
		{89C10D54-C93A-407C-93A9-A7D5E5356DDD}.Release|Any CPU.Build.0 = Release|Any CPU
	EndGlobalSection
	GlobalSection(SolutionProperties) = preSolution
		HideSolutionNode = FALSE
	EndGlobalSection
	GlobalSection(ExtensibilityGlobals) = postSolution
		SolutionGuid = {CC74FDD3-B99F-4ABD-A187-22A8D8A77CE7}
	EndGlobalSection
EndGlobal
